
Microsoft Visual Studio Solution File, Format Version 12.00
# Visual Studio Version 16
VisualStudioVersion = 16.0.28803.352
MinimumVisualStudioVersion = 10.0.40219.1
Project("{9A19103F-16F7-4668-BE54-9A1E7A4F7556}") = "JWTAuthentication", "JWTAuthentication\JWTAuthentication.csproj", "{5B0DD095-AF1D-4E73-A33F-170AB860907E}"
EndProject
Project("{2150E333-8FDC-42A3-9474-1A3956D46DE8}") = "APIGateway", "APIGateway", "{E01DE899-BE48-4F68-A3C8-B1EE71F1C617}"
EndProject
Project("{2150E333-8FDC-42A3-9474-1A3956D46DE8}") = "Layers", "Layers", "{DC95FA76-6344-4946-B569-DAD8E794747E}"
EndProject
Project("{2150E333-8FDC-42A3-9474-1A3956D46DE8}") = "1.Services", "1.Services", "{89E0DC71-F861-42AA-B0AF-3CCBC84B0B5E}"
EndProject
Project("{2150E333-8FDC-42A3-9474-1A3956D46DE8}") = "2.Business", "2.Business", "{1EB1DBE2-52A2-4383-8BB9-484FFF54A430}"
EndProject
Project("{2150E333-8FDC-42A3-9474-1A3956D46DE8}") = "3.Data", "3.Data", "{B8C5F022-57AF-4649-B73A-49CE30902488}"
EndProject
Project("{FAE04EC0-301F-11D3-BF4B-00C04F79EFBC}") = "DemoAPIGateway", "DemoAPIGateway\DemoAPIGateway.csproj", "{664645E6-34EE-4AE3-9295-DFD8D334F3F1}"
EndProject
Project("{FAE04EC0-301F-11D3-BF4B-00C04F79EFBC}") = "Common.Business", "Common.Business\Common.Business.csproj", "{36DA64F1-77CE-41BC-AB52-647578E43CDD}"
EndProject
Project("{FAE04EC0-301F-11D3-BF4B-00C04F79EFBC}") = "Appointment.API", "Appointment.API\Appointment.API.csproj", "{9B405986-3007-4F52-944D-6B938342EA67}"
EndProject
Project("{2150E333-8FDC-42A3-9474-1A3956D46DE8}") = "Appointment", "Appointment", "{F9B94EC3-5106-4698-83EC-812336AF0B89}"
EndProject
Project("{FAE04EC0-301F-11D3-BF4B-00C04F79EFBC}") = "Appointment.Manager", "Appointment.Manager\Appointment.Manager.csproj", "{82556B3A-4FB6-4F20-87FF-45AD88264020}"
EndProject
Project("{FAE04EC0-301F-11D3-BF4B-00C04F79EFBC}") = "Appointment.Repository", "Appointment.Repository\Appointment.Repository.csproj", "{9BF77C00-312E-4930-96CA-899EA68ED284}"
EndProject
Global
	GlobalSection(SolutionConfigurationPlatforms) = preSolution
		Debug|Any CPU = Debug|Any CPU
		Release|Any CPU = Release|Any CPU
	EndGlobalSection
	GlobalSection(ProjectConfigurationPlatforms) = postSolution
		{5B0DD095-AF1D-4E73-A33F-170AB860907E}.Debug|Any CPU.ActiveCfg = Debug|Any CPU
		{5B0DD095-AF1D-4E73-A33F-170AB860907E}.Debug|Any CPU.Build.0 = Debug|Any CPU
		{5B0DD095-AF1D-4E73-A33F-170AB860907E}.Release|Any CPU.ActiveCfg = Release|Any CPU
		{5B0DD095-AF1D-4E73-A33F-170AB860907E}.Release|Any CPU.Build.0 = Release|Any CPU
		{664645E6-34EE-4AE3-9295-DFD8D334F3F1}.Debug|Any CPU.ActiveCfg = Debug|Any CPU
		{664645E6-34EE-4AE3-9295-DFD8D334F3F1}.Debug|Any CPU.Build.0 = Debug|Any CPU
		{664645E6-34EE-4AE3-9295-DFD8D334F3F1}.Release|Any CPU.ActiveCfg = Release|Any CPU
		{664645E6-34EE-4AE3-9295-DFD8D334F3F1}.Release|Any CPU.Build.0 = Release|Any CPU
		{36DA64F1-77CE-41BC-AB52-647578E43CDD}.Debug|Any CPU.ActiveCfg = Debug|Any CPU
		{36DA64F1-77CE-41BC-AB52-647578E43CDD}.Debug|Any CPU.Build.0 = Debug|Any CPU
		{36DA64F1-77CE-41BC-AB52-647578E43CDD}.Release|Any CPU.ActiveCfg = Release|Any CPU
		{36DA64F1-77CE-41BC-AB52-647578E43CDD}.Release|Any CPU.Build.0 = Release|Any CPU
		{9B405986-3007-4F52-944D-6B938342EA67}.Debug|Any CPU.ActiveCfg = Debug|Any CPU
		{9B405986-3007-4F52-944D-6B938342EA67}.Debug|Any CPU.Build.0 = Debug|Any CPU
		{9B405986-3007-4F52-944D-6B938342EA67}.Release|Any CPU.ActiveCfg = Release|Any CPU
		{9B405986-3007-4F52-944D-6B938342EA67}.Release|Any CPU.Build.0 = Release|Any CPU
		{82556B3A-4FB6-4F20-87FF-45AD88264020}.Debug|Any CPU.ActiveCfg = Debug|Any CPU
		{82556B3A-4FB6-4F20-87FF-45AD88264020}.Debug|Any CPU.Build.0 = Debug|Any CPU
		{82556B3A-4FB6-4F20-87FF-45AD88264020}.Release|Any CPU.ActiveCfg = Release|Any CPU
		{82556B3A-4FB6-4F20-87FF-45AD88264020}.Release|Any CPU.Build.0 = Release|Any CPU
		{9BF77C00-312E-4930-96CA-899EA68ED284}.Debug|Any CPU.ActiveCfg = Debug|Any CPU
		{9BF77C00-312E-4930-96CA-899EA68ED284}.Debug|Any CPU.Build.0 = Debug|Any CPU
		{9BF77C00-312E-4930-96CA-899EA68ED284}.Release|Any CPU.ActiveCfg = Release|Any CPU
		{9BF77C00-312E-4930-96CA-899EA68ED284}.Release|Any CPU.Build.0 = Release|Any CPU
	EndGlobalSection
	GlobalSection(SolutionProperties) = preSolution
		HideSolutionNode = FALSE
	EndGlobalSection
	GlobalSection(NestedProjects) = preSolution
		{5B0DD095-AF1D-4E73-A33F-170AB860907E} = {89E0DC71-F861-42AA-B0AF-3CCBC84B0B5E}
		{89E0DC71-F861-42AA-B0AF-3CCBC84B0B5E} = {DC95FA76-6344-4946-B569-DAD8E794747E}
		{1EB1DBE2-52A2-4383-8BB9-484FFF54A430} = {DC95FA76-6344-4946-B569-DAD8E794747E}
		{B8C5F022-57AF-4649-B73A-49CE30902488} = {DC95FA76-6344-4946-B569-DAD8E794747E}
		{664645E6-34EE-4AE3-9295-DFD8D334F3F1} = {E01DE899-BE48-4F68-A3C8-B1EE71F1C617}
		{36DA64F1-77CE-41BC-AB52-647578E43CDD} = {1EB1DBE2-52A2-4383-8BB9-484FFF54A430}
		{9B405986-3007-4F52-944D-6B938342EA67} = {89E0DC71-F861-42AA-B0AF-3CCBC84B0B5E}
		{F9B94EC3-5106-4698-83EC-812336AF0B89} = {B8C5F022-57AF-4649-B73A-49CE30902488}
		{82556B3A-4FB6-4F20-87FF-45AD88264020} = {F9B94EC3-5106-4698-83EC-812336AF0B89}
		{9BF77C00-312E-4930-96CA-899EA68ED284} = {F9B94EC3-5106-4698-83EC-812336AF0B89}
	EndGlobalSection
	GlobalSection(ExtensibilityGlobals) = postSolution
		SolutionGuid = {C6B51F86-B088-4AB8-92F2-C6AF5C8F8CA1}
	EndGlobalSection
EndGlobal
